
Microsoft Visual Studio Solution File, Format Version 12.00
# Visual Studio Version 16
VisualStudioVersion = 16.0.30413.136
MinimumVisualStudioVersion = 10.0.40219.1
Project("{9A19103F-16F7-4668-BE54-9A1E7A4F7556}") = "PetarTotev.Net.DSA.MyCollections", "PetarTotev.Net.DSA.MyCollections\PetarTotev.Net.DSA.MyCollections.csproj", "{B12D21C6-5D4F-48F2-A483-D164F86F47C6}"
EndProject
Project("{9A19103F-16F7-4668-BE54-9A1E7A4F7556}") = "PetarTotev.Net.DSA.MyCollections.Tests", "PetarTotev.Net.DSA.MyCollections.Tests\PetarTotev.Net.DSA.MyCollections.Tests.csproj", "{C3748A5C-1BD5-4AD2-9321-9B54CAB7C950}"
EndProject
Global
	GlobalSection(SolutionConfigurationPlatforms) = preSolution
		Debug|Any CPU = Debug|Any CPU
		Release|Any CPU = Release|Any CPU
	EndGlobalSection
	GlobalSection(ProjectConfigurationPlatforms) = postSolution
		{B12D21C6-5D4F-48F2-A483-D164F86F47C6}.Debug|Any CPU.ActiveCfg = Debug|Any CPU
		{B12D21C6-5D4F-48F2-A483-D164F86F47C6}.Debug|Any CPU.Build.0 = Debug|Any CPU
		{B12D21C6-5D4F-48F2-A483-D164F86F47C6}.Release|Any CPU.ActiveCfg = Release|Any CPU
		{B12D21C6-5D4F-48F2-A483-D164F86F47C6}.Release|Any CPU.Build.0 = Release|Any CPU
		{C3748A5C-1BD5-4AD2-9321-9B54CAB7C950}.Debug|Any CPU.ActiveCfg = Debug|Any CPU
		{C3748A5C-1BD5-4AD2-9321-9B54CAB7C950}.Debug|Any CPU.Build.0 = Debug|Any CPU
		{C3748A5C-1BD5-4AD2-9321-9B54CAB7C950}.Release|Any CPU.ActiveCfg = Release|Any CPU
		{C3748A5C-1BD5-4AD2-9321-9B54CAB7C950}.Release|Any CPU.Build.0 = Release|Any CPU
	EndGlobalSection
	GlobalSection(SolutionProperties) = preSolution
		HideSolutionNode = FALSE
	EndGlobalSection
	GlobalSection(ExtensibilityGlobals) = postSolution
		SolutionGuid = {4CD9010F-05B0-418C-93F5-E63A2C3458E6}
	EndGlobalSection
EndGlobal
